{
  "requires": true,
  "lockfileVersion": 1,
  "dependencies": {
    "docsify-sidebar-collapse": {
      "version": "1.1.3",
      "resolved": "https://registry.npmjs.org/docsify-sidebar-collapse/-/docsify-sidebar-collapse-1.1.3.tgz",
      "integrity": "sha512-m3JFGVj/suZosjs1MRJQiwaKE0toq1VGzNNI74GSPyGugzK56k0y42QosTBcwBJBC9DjvHQph3o12inj7saAEw=="
    }
  }
}
